
Microsoft Visual Studio Solution File, Format Version 12.00
# Visual Studio Version 16
VisualStudioVersion = 16.0.30104.148
MinimumVisualStudioVersion = 10.0.40219.1
Project("{FAE04EC0-301F-11D3-BF4B-00C04F79EFBC}") = "Lab3.Task1", "Lab3.Task1.csproj", "{2309039B-8EA2-41B1-9DA9-D61CB78A99DD}"
EndProject
Global
	GlobalSection(SolutionConfigurationPlatforms) = preSolution
		Debug|Any CPU = Debug|Any CPU
		Release|Any CPU = Release|Any CPU
	EndGlobalSection
	GlobalSection(ProjectConfigurationPlatforms) = postSolution
		{2309039B-8EA2-41B1-9DA9-D61CB78A99DD}.Debug|Any CPU.ActiveCfg = Debug|Any CPU
		{2309039B-8EA2-41B1-9DA9-D61CB78A99DD}.Debug|Any CPU.Build.0 = Debug|Any CPU
		{2309039B-8EA2-41B1-9DA9-D61CB78A99DD}.Release|Any CPU.ActiveCfg = Release|Any CPU
		{2309039B-8EA2-41B1-9DA9-D61CB78A99DD}.Release|Any CPU.Build.0 = Release|Any CPU
	EndGlobalSection
	GlobalSection(SolutionProperties) = preSolution
		HideSolutionNode = FALSE
	EndGlobalSection
	GlobalSection(ExtensibilityGlobals) = postSolution
		SolutionGuid = {AA70D2E8-003B-4389-B9AB-C6AC08CC2BBF}
	EndGlobalSection
EndGlobal
